lockfileVersion: '9.0'

settings:
  autoInstallPeers: true
  excludeLinksFromLockfile: false

importers:

  .:
    devDependencies:
      '@types/vscode':
        specifier: ^1.93.0
        version: 1.93.0

packages:

  '@types/vscode@1.93.0':
    resolution: {integrity: sha512-kUK6jAHSR5zY8ps42xuW89NLcBpw1kOabah7yv38J8MyiYuOHxLQBi0e7zeXbQgVefDy/mZZetqEFC+Fl5eIEQ==}

snapshots:

  '@types/vscode@1.93.0': {}
